PODS:
  - GCDWebServer/Core (3.4.2)
  - GCDWebServer/WebUploader (3.4.2):
    - GCDWebServer/Core

DEPENDENCIES:
  - GCDWebServer/WebUploader (~> 3.4.0)

SPEC REPOS:
  trunk:
    - GCDWebServer

SPEC CHECKSUMS:
  GCDWebServer: 8d67ee9f634b4bb91eb4b8aee440318a5fc6debd

PODFILE CHECKSUM: 92748a00e90ffbe31678885c4869007dcdd4da47

COCOAPODS: 1.11.3
